// !$*UTF8*$!
{
	archiveVersion = 1;
	classes = {
	};
	objectVersion = 46;
	objects = {

/* Begin PBXBuildFile section */
		C1806EF51E94831000318719 /* AppDelegate.swift in Sources */ = {isa = PBXBuildFile; fileRef = C1806EF41E94831000318719 /* AppDelegate.swift */; };
		C1806EF71E94831000318719 /* ViewController.swift in Sources */ = {isa = PBXBuildFile; fileRef = C1806EF61E94831000318719 /* ViewController.swift */; };
		C1806EFA1E94831000318719 /* Main.storyboard in Resources */ = {isa = PBXBuildFile; fileRef = C1806EF81E94831000318719 /* Main.storyboard */; };
		C1806EFC1E94831000318719 /* Assets.xcassets in Resources */ = {isa = PBXBuildFile; fileRef = C1806EFB1E94831000318719 /* Assets.xcassets */; };
		C1806EFF1E94831000318719 /* LaunchScreen.storyboard in Resources */ = {isa = PBXBuildFile; fileRef = C1806EFD1E94831000318719 /* LaunchScreen.storyboard */; };
		C1806F0A1E94831100318719 /* tinderTests.swift in Sources */ = {isa = PBXBuildFile; fileRef = C1806F091E94831100318719 /* tinderTests.swift */; };
		C1806F151E94831100318719 /* tinderUITests.swift in Sources */ = {isa = PBXBuildFile; fileRef = C1806F141E94831100318719 /* tinderUITests.swift */; };
/* End PBXBuildFile section */

/* Begin PBXContainerItemProxy section */
		C1806F061E94831100318719 /* PBXContainerItemProxy */ = {
			isa = PBXContainerItemProxy;
			containerPortal = C1806EE91E94831000318719 /* Project object */;
			proxyType = 1;
			remoteGlobalIDString = C1806EF01E94831000318719;
			remoteInfo = tinder;
		};
		C1806F111E94831100318719 /* PBXContainerItemProxy */ = {
			isa = PBXContainerItemProxy;
			containerPortal = C1806EE91E94831000318719 /* Project object */;
			proxyType = 1;
			remoteGlobalIDString = C1806EF01E94831000318719;
			remoteInfo = tinder;
		};
/* End PBXContainerItemProxy section */

/* Begin PBXFileReference section */
		C1806EF11E94831000318719 /* tinder.app */ = {isa = PBXFileReference; explicitFileType = wrapper.application; includeInIndex = 0; path = tinder.app; sourceTree = BUILT_PRODUCTS_DIR; };
		C1806EF41E94831000318719 /* AppDelegate.swift */ = {isa = PBXFileReference; lastKnownFileType = sourcecode.swift; path = AppDelegate.swift; sourceTree = "<group>"; };
		C1806EF61E94831000318719 /* ViewController.swift */ = {isa = PBXFileReference; lastKnownFileType = sourcecode.swift; path = ViewController.swift; sourceTree = "<group>"; };
		C1806EF91E94831000318719 /* Base */ = {isa = PBXFileReference; lastKnownFileType = file.storyboard; name = Base; path = Base.lproj/Main.storyboard; sourceTree = "<group>"; };
		C1806EFB1E94831000318719 /* Assets.xcassets */ = {isa = PBXFileReference; lastKnownFileType = folder.assetcatalog; path = Assets.xcassets; sourceTree = "<group>"; };
		C1806EFE1E94831000318719 /* Base */ = {isa = PBXFileReference; lastKnownFileType = file.storyboard; name = Base; path = Base.lproj/LaunchScreen.storyboard; sourceTree = "<group>"; };
		C1806F001E94831000318719 /* Info.plist */ = {isa = PBXFileReference; lastKnownFileType = text.plist.xml; path = Info.plist; sourceTree = "<group>"; };
		C1806F051E94831100318719 /* tinderTests.xctest */ = {isa = PBXFileReference; explicitFileType = wrapper.cfbundle; includeInIndex = 0; path = tinderTests.xctest; sourceTree = BUILT_PRODUCTS_DIR; };
		C1806F091E94831100318719 /* tinderTests.swift */ = {isa = PBXFileReference; lastKnownFileType = sourcecode.swift; path = tinderTests.swift; sourceTree = "<group>"; };
		C1806F0B1E94831100318719 /* Info.plist */ = {isa = PBXFileReference; lastKnownFileType = text.plist.xml; path = Info.plist; sourceTree = "<group>"; };
		C1806F101E94831100318719 /* tinderUITests.xctest */ = {isa = PBXFileReference; explicitFileType = wrapper.cfbundle; includeInIndex = 0; path = tinderUITests.xctest; sourceTree = BUILT_PRODUCTS_DIR; };
		C1806F141E94831100318719 /* tinderUITests.swift */ = {isa = PBXFileReference; lastKnownFileType = sourcecode.swift; path = tinderUITests.swift; sourceTree = "<group>"; };
		C1806F161E94831100318719 /* Info.plist */ = {isa = PBXFileReference; lastKnownFileType = text.plist.xml; path = Info.plist; sourceTree = "<group>"; };
/* End PBXFileReference section */

/* Begin PBXFrameworksBuildPhase section */
		C1806EEE1E94831000318719 /* Frameworks */ = {
			isa = PBXFrameworksBuildPhase;
			buildActionMask = 2147483647;
			files = (
			);
			runOnlyForDeploymentPostprocessing = 0;
		};
		C1806F021E94831100318719 /* Frameworks */ = {
			isa = PBXFrameworksBuildPhase;
			buildActionMask = 2147483647;
			files = (
			);
			runOnlyForDeploymentPostprocessing = 0;
		};
		C1806F0D1E94831100318719 /* Frameworks */ = {
			isa = PBXFrameworksBuildPhase;
			buildActionMask = 2147483647;
			files = (
			);
			runOnlyForDeploymentPostprocessing = 0;
		};
/* End PBXFrameworksBuildPhase section */

/* Begin PBXGroup section */
		C1806EE81E94831000318719 = {
			isa = PBXGroup;
			children = (
				C1806EF31E94831000318719 /* tinder */,
				C1806F081E94831100318719 /* tinderTests */,
				C1806F131E94831100318719 /* tinderUITests */,
				C1806EF21E94831000318719 /* Products */,
			);
			sourceTree = "<group>";
		};
		C1806EF21E94831000318719 /* Products */ = {
			isa = PBXGroup;
			children = (
				C1806EF11E94831000318719 /* tinder.app */,
				C1806F051E94831100318719 /* tinderTests.xctest */,
				C1806F101E94831100318719 /* tinderUITests.xctest */,
			);
			name = Products;
			sourceTree = "<group>";
		};
		C1806EF31E94831000318719 /* tinder */ = {
			isa = PBXGroup;
			children = (
				C1806EF41E94831000318719 /* AppDelegate.swift */,
				C1806EF61E94831000318719 /* ViewController.swift */,
				C1806EF81E94831000318719 /* Main.storyboard */,
				C1806EFB1E94831000318719 /* Assets.xcassets */,
				C1806EFD1E94831000318719 /* LaunchScreen.storyboard */,
				C1806F001E94831000318719 /* Info.plist */,
			);
			path = tinder;
			sourceTree = "<group>";
		};
		C1806F081E94831100318719 /* tinderTests */ = {
			isa = PBXGroup;
			children = (
				C1806F091E94831100318719 /* tinderTests.swift */,
				C1806F0B1E94831100318719 /* Info.plist */,
			);
			path = tinderTests;
			sourceTree = "<group>";
		};
		C1806F131E94831100318719 /* tinderUITests */ = {
			isa = PBXGroup;
			children = (
				C1806F141E94831100318719 /* tinderUITests.swift */,
				C1806F161E94831100318719 /* Info.plist */,
			);
			path = tinderUITests;
			sourceTree = "<group>";
		};
/* End PBXGroup section */

/* Begin PBXNativeTarget section */
		C1806EF01E94831000318719 /* tinder */ = {
			isa = PBXNativeTarget;
			buildConfigurationList = C1806F191E94831100318719 /* Build configuration list for PBXNativeTarget "tinder" */;
			buildPhases = (
				C1806EED1E94831000318719 /* Sources */,
				C1806EEE1E94831000318719 /* Frameworks */,
				C1806EEF1E94831000318719 /* Resources */,
			);
			buildRules = (
			);
			dependencies = (
			);
			name = tinder;
			productName = tinder;
			productReference = C1806EF11E94831000318719 /* tinder.app */;
			productType = "com.apple.product-type.application";
		};
		C1806F041E94831100318719 /* tinderTests */ = {
			isa = PBXNativeTarget;
			buildConfigurationList = C1806F1C1E94831100318719 /* Build configuration list for PBXNativeTarget "tinderTests" */;
			buildPhases = (
				C1806F011E94831100318719 /* Sources */,
				C1806F021E94831100318719 /* Frameworks */,
				C1806F031E94831100318719 /* Resources */,
			);
			buildRules = (
			);
			dependencies = (
				C1806F071E94831100318719 /* PBXTargetDependency */,
			);
			name = tinderTests;
			productName = tinderTests;
			productReference = C1806F051E94831100318719 /* tinderTests.xctest */;
			productType = "com.apple.product-type.bundle.unit-test";
		};
		C1806F0F1E94831100318719 /* tinderUITests */ = {
			isa = PBXNativeTarget;
			buildConfigurationList = C1806F1F1E94831100318719 /* Build configuration list for PBXNativeTarget "tinderUITests" */;
			buildPhases = (
				C1806F0C1E94831100318719 /* Sources */,
				C1806F0D1E94831100318719 /* Frameworks */,
				C1806F0E1E94831100318719 /* Resources */,
			);
			buildRules = (
			);
			dependencies = (
				C1806F121E94831100318719 /* PBXTargetDependency */,
			);
			name = tinderUITests;
			productName = tinderUITests;
			productReference = C1806F101E94831100318719 /* tinderUITests.xctest */;
			productType = "com.apple.product-type.bundle.ui-testing";
		};
/* End PBXNativeTarget section */

/* Begin PBXProject section */
		C1806EE91E94831000318719 /* Project object */ = {
			isa = PBXProject;
			attributes = {
				LastSwiftUpdateCheck = 0820;
				LastUpgradeCheck = 0820;
				ORGANIZATIONNAME = fer;
				TargetAttributes = {
					C1806EF01E94831000318719 = {
						CreatedOnToolsVersion = 8.2.1;
						ProvisioningStyle = Automatic;
					};
					C1806F041E94831100318719 = {
						CreatedOnToolsVersion = 8.2.1;
						ProvisioningStyle = Automatic;
						TestTargetID = C1806EF01E94831000318719;
					};
					C1806F0F1E94831100318719 = {
						CreatedOnToolsVersion = 8.2.1;
						ProvisioningStyle = Automatic;
						TestTargetID = C1806EF01E94831000318719;
					};
				};
			};
			buildConfigurationList = C1806EEC1E94831000318719 /* Build configuration list for PBXProject "tinder" */;
			compatibilityVersion = "Xcode 3.2";
			developmentRegion = English;
			hasScannedForEncodings = 0;
			knownRegions = (
				en,
				Base,
			);
			mainGroup = C1806EE81E94831000318719;
			productRefGroup = C1806EF21E94831000318719 /* Products */;
			projectDirPath = "";
			projectRoot = "";
			targets = (
				C1806EF01E94831000318719 /* tinder */,
				C1806F041E94831100318719 /* tinderTests */,
				C1806F0F1E94831100318719 /* tinderUITests */,
			);
		};
/* End PBXProject section */

/* Begin PBXResourcesBuildPhase section */
		C1806EEF1E94831000318719 /* Resources */ = {
			isa = PBXResourcesBuildPhase;
			buildActionMask = 2147483647;
			files = (
				C1806EFF1E94831000318719 /* LaunchScreen.storyboard in Resources */,
				C1806EFC1E94831000318719 /* Assets.xcassets in Resources */,
				C1806EFA1E94831000318719 /* Main.storyboard in Resources */,
			);
			runOnlyForDeploymentPostprocessing = 0;
		};
		C1806F031E94831100318719 /* Resources */ = {
			isa = PBXResourcesBuildPhase;
			buildActionMask = 2147483647;
			files = (
			);
			runOnlyForDeploymentPostprocessing = 0;
		};
		C1806F0E1E94831100318719 /* Resources */ = {
			isa = PBXResourcesBuildPhase;
			buildActionMask = 2147483647;
			files = (
			);
			runOnlyForDeploymentPostprocessing = 0;
		};
/* End PBXResourcesBuildPhase section */

/* Begin PBXSourcesBuildPhase section */
		C1806EED1E94831000318719 /* Sources */ = {
			isa = PBXSourcesBuildPhase;
			buildActionMask = 2147483647;
			files = (
				C1806EF71E94831000318719 /* ViewController.swift in Sources */,
				C1806EF51E94831000318719 /* AppDelegate.swift in Sources */,
			);
			runOnlyForDeploymentPostprocessing = 0;
		};
		C1806F011E94831100318719 /* Sources */ = {
			isa = PBXSourcesBuildPhase;
			buildActionMask = 2147483647;
			files = (
				C1806F0A1E94831100318719 /* tinderTests.swift in Sources */,
			);
			runOnlyForDeploymentPostprocessing = 0;
		};
		C1806F0C1E94831100318719 /* Sources */ = {
			isa = PBXSourcesBuildPhase;
			buildActionMask = 2147483647;
			files = (
				C1806F151E94831100318719 /* tinderUITests.swift in Sources */,
			);
			runOnlyForDeploymentPostprocessing = 0;
		};
/* End PBXSourcesBuildPhase section */

/* Begin PBXTargetDependency section */
		C1806F071E94831100318719 /* PBXTargetDependency */ = {
			isa = PBXTargetDependency;
			target = C1806EF01E94831000318719 /* tinder */;
			targetProxy = C1806F061E94831100318719 /* PBXContainerItemProxy */;
		};
		C1806F121E94831100318719 /* PBXTargetDependency */ = {
			isa = PBXTargetDependency;
			target = C1806EF01E94831000318719 /* tinder */;
			targetProxy = C1806F111E94831100318719 /* PBXContainerItemProxy */;
		};
/* End PBXTargetDependency section */

/* Begin PBXVariantGroup section */
		C1806EF81E94831000318719 /* Main.storyboard */ = {
			isa = PBXVariantGroup;
			children = (
				C1806EF91E94831000318719 /* Base */,
			);
			name = Main.storyboard;
			sourceTree = "<group>";
		};
		C1806EFD1E94831000318719 /* LaunchScreen.storyboard */ = {
			isa = PBXVariantGroup;
			children = (
				C1806EFE1E94831000318719 /* Base */,
			);
			name = LaunchScreen.storyboard;
			sourceTree = "<group>";
		};
/* End PBXVariantGroup section */

/* Begin XCBuildConfiguration section */
		C1806F171E94831100318719 /* Debug */ = {
			isa = XCBuildConfiguration;
			buildSettings = {
				ALWAYS_SEARCH_USER_PATHS = NO;
				CLANG_ANALYZER_NONNULL = YES;
				CLANG_CXX_LANGUAGE_STANDARD = "gnu++0x";
				CLANG_CXX_LIBRARY = "libc++";
				CLANG_ENABLE_MODULES = YES;
				CLANG_ENABLE_OBJC_ARC = YES;
				CLANG_WARN_BOOL_CONVERSION = YES;
				CLANG_WARN_CONSTANT_CONVERSION = YES;
				CLANG_WARN_DIRECT_OBJC_ISA_USAGE = YES_ERROR;
				CLANG_WARN_DOCUMENTATION_COMMENTS = YES;
				CLANG_WARN_EMPTY_BODY = YES;
				CLANG_WARN_ENUM_CONVERSION = YES;
				CLANG_WARN_INFINITE_RECURSION = YES;
				CLANG_WARN_INT_CONVERSION = YES;
				CLANG_WARN_OBJC_ROOT_CLASS = YES_ERROR;
				CLANG_WARN_SUSPICIOUS_MOVE = YES;
				CLANG_WARN_UNREACHABLE_CODE = YES;
				CLANG_WARN__DUPLICATE_METHOD_MATCH = YES;
				"CODE_SIGN_IDENTITY[sdk=iphoneos*]" = "iPhone Developer";
				COPY_PHASE_STRIP = NO;
				DEBUG_INFORMATION_FORMAT = dwarf;
				ENABLE_STRICT_OBJC_MSGSEND = YES;
				ENABLE_TESTABILITY = YES;
				GCC_C_LANGUAGE_STANDARD = gnu99;
				GCC_DYNAMIC_NO_PIC = NO;
				GCC_NO_COMMON_BLOCKS = YES;
				GCC_OPTIMIZATION_LEVEL = 0;
				GCC_PREPROCESSOR_DEFINITIONS = (
					"DEBUG=1",
					"$(inherited)",
				);
				GCC_WARN_64_TO_32_BIT_CONVERSION = YES;
				GCC_WARN_ABOUT_RETURN_TYPE = YES_ERROR;
				GCC_WARN_UNDECLARED_SELECTOR = YES;
				GCC_WARN_UNINITIALIZED_AUTOS = YES_AGGRESSIVE;
				GCC_WARN_UNUSED_FUNCTION = YES;
				GCC_WARN_UNUSED_VARIABLE = YES;
				IPHONEOS_DEPLOYMENT_TARGET = 10.2;
				MTL_ENABLE_DEBUG_INFO = YES;
				ONLY_ACTIVE_ARCH = YES;
				SDKROOT = iphoneos;
				SWIFT_ACTIVE_COMPILATION_CONDITIONS = DEBUG;
				SWIFT_OPTIMIZATION_LEVEL = "-Onone";
				TARGETED_DEVICE_FAMILY = "1,2";
			};
			name = Debug;
		};
		C1806F181E94831100318719 /* Release */ = {
			isa = XCBuildConfiguration;
			buildSettings = {
				ALWAYS_SEARCH_USER_PATHS = NO;
				CLANG_ANALYZER_NONNULL = YES;
				CLANG_CXX_LANGUAGE_STANDARD = "gnu++0x";
				CLANG_CXX_LIBRARY = "libc++";
				CLANG_ENABLE_MODULES = YES;
				CLANG_ENABLE_OBJC_ARC = YES;
				CLANG_WARN_BOOL_CONVERSION = YES;
				CLANG_WARN_CONSTANT_CONVERSION = YES;
				CLANG_WARN_DIRECT_OBJC_ISA_USAGE = YES_ERROR;
				CLANG_WARN_DOCUMENTATION_COMMENTS = YES;
				CLANG_WARN_EMPTY_BODY = YES;
				CLANG_WARN_ENUM_CONVERSION = YES;
				CLANG_WARN_INFINITE_RECURSION = YES;
				CLANG_WARN_INT_CONVERSION = YES;
				CLANG_WARN_OBJC_ROOT_CLASS = YES_ERROR;
				CLANG_WARN_SUSPICIOUS_MOVE = YES;
				CLANG_WARN_UNREACHABLE_CODE = YES;
				CLANG_WARN__DUPLICATE_METHOD_MATCH = YES;
				"CODE_SIGN_IDENTITY[sdk=iphoneos*]" = "iPhone Developer";
				COPY_PHASE_STRIP = NO;
				DEBUG_INFORMATION_FORMAT = "dwarf-with-dsym";
				ENABLE_NS_ASSERTIONS = NO;
				ENABLE_STRICT_OBJC_MSGSEND = YES;
				GCC_C_LANGUAGE_STANDARD = gnu99;
				GCC_NO_COMMON_BLOCKS = YES;
				GCC_WARN_64_TO_32_BIT_CONVERSION = YES;
				GCC_WARN_ABOUT_RETURN_TYPE = YES_ERROR;
				GCC_WARN_UNDECLARED_SELECTOR = YES;
				GCC_WARN_UNINITIALIZED_AUTOS = YES_AGGRESSIVE;
				GCC_WARN_UNUSED_FUNCTION = YES;
				GCC_WARN_UNUSED_VARIABLE = YES;
				IPHONEOS_DEPLOYMENT_TARGET = 10.2;
				MTL_ENABLE_DEBUG_INFO = NO;
				SDKROOT = iphoneos;
				SWIFT_OPTIMIZATION_LEVEL = "-Owholemodule";
				TARGETED_DEVICE_FAMILY = "1,2";
				VALIDATE_PRODUCT = YES;
			};
			name = Release;
		};
		C1806F1A1E94831100318719 /* Debug */ = {
			isa = XCBuildConfiguration;
			buildSettings = {
				ASSETCATALOG_COMPILER_APPICON_NAME = AppIcon;
				INFOPLIST_FILE = tinder/Info.plist;
				LD_RUNPATH_SEARCH_PATHS = "$(inherited) @executable_path/Frameworks";
				PRODUCT_BUNDLE_IDENTIFIER = unknown.tinder;
				PRODUCT_NAME = "$(TARGET_NAME)";
				SWIFT_VERSION = 3.0;
			};
			name = Debug;
		};
		C1806F1B1E94831100318719 /* Release */ = {
			isa = XCBuildConfiguration;
			buildSettings = {
				ASSETCATALOG_COMPILER_APPICON_NAME = AppIcon;
				INFOPLIST_FILE = tinder/Info.plist;
				LD_RUNPATH_SEARCH_PATHS = "$(inherited) @executable_path/Frameworks";
				PRODUCT_BUNDLE_IDENTIFIER = unknown.tinder;
				PRODUCT_NAME = "$(TARGET_NAME)";
				SWIFT_VERSION = 3.0;
			};
			name = Release;
		};
		C1806F1D1E94831100318719 /* Debug */ = {
			isa = XCBuildConfiguration;
			buildSettings = {
				ALWAYS_EMBED_SWIFT_STANDARD_LIBRARIES = YES;
				BUNDLE_LOADER = "$(TEST_HOST)";
				INFOPLIST_FILE = tinderTests/Info.plist;
				LD_RUNPATH_SEARCH_PATHS = "$(inherited) @executable_path/Frameworks @loader_path/Frameworks";
				PRODUCT_BUNDLE_IDENTIFIER = unknown.tinderTests;
				PRODUCT_NAME = "$(TARGET_NAME)";
				SWIFT_VERSION = 3.0;
				TEST_HOST = "$(BUILT_PRODUCTS_DIR)/tinder.app/tinder";
			};
			name = Debug;
		};
		C1806F1E1E94831100318719 /* Release */ = {
			isa = XCBuildConfiguration;
			buildSettings = {
				ALWAYS_EMBED_SWIFT_STANDARD_LIBRARIES = YES;
				BUNDLE_LOADER = "$(TEST_HOST)";
				INFOPLIST_FILE = tinderTests/Info.plist;
				LD_RUNPATH_SEARCH_PATHS = "$(inherited) @executable_path/Frameworks @loader_path/Frameworks";
				PRODUCT_BUNDLE_IDENTIFIER = unknown.tinderTests;
				PRODUCT_NAME = "$(TARGET_NAME)";
				SWIFT_VERSION = 3.0;
				TEST_HOST = "$(BUILT_PRODUCTS_DIR)/tinder.app/tinder";
			};
			name = Release;
		};
		C1806F201E94831100318719 /* Debug */ = {
			isa = XCBuildConfiguration;
			buildSettings = {
				ALWAYS_EMBED_SWIFT_STANDARD_LIBRARIES = YES;
				INFOPLIST_FILE = tinderUITests/Info.plist;
				LD_RUNPATH_SEARCH_PATHS = "$(inherited) @executable_path/Frameworks @loader_path/Frameworks";
				PRODUCT_BUNDLE_IDENTIFIER = unknown.tinderUITests;
				PRODUCT_NAME = "$(TARGET_NAME)";
				SWIFT_VERSION = 3.0;
				TEST_TARGET_NAME = tinder;
			};
			name = Debug;
		};
		C1806F211E94831100318719 /* Release */ = {
			isa = XCBuildConfiguration;
			buildSettings = {
				ALWAYS_EMBED_SWIFT_STANDARD_LIBRARIES = YES;
				INFOPLIST_FILE = tinderUITests/Info.plist;
				LD_RUNPATH_SEARCH_PATHS = "$(inherited) @executable_path/Frameworks @loader_path/Frameworks";
				PRODUCT_BUNDLE_IDENTIFIER = unknown.tinderUITests;
				PRODUCT_NAME = "$(TARGET_NAME)";
				SWIFT_VERSION = 3.0;
				TEST_TARGET_NAME = tinder;
			};
			name = Release;
		};
/* End XCBuildConfiguration section */

/* Begin XCConfigurationList section */
		C1806EEC1E94831000318719 /* Build configuration list for PBXProject "tinder" */ = {
			isa = XCConfigurationList;
			buildConfigurations = (
				C1806F171E94831100318719 /* Debug */,
				C1806F181E94831100318719 /* Release */,
			);
			defaultConfigurationIsVisible = 0;
			defaultConfigurationName = Release;
		};
		C1806F191E94831100318719 /* Build configuration list for PBXNativeTarget "tinder" */ = {
			isa = XCConfigurationList;
			buildConfigurations = (
				C1806F1A1E94831100318719 /* Debug */,
				C1806F1B1E94831100318719 /* Release */,
			);
			defaultConfigurationIsVisible = 0;
		};
		C1806F1C1E94831100318719 /* Build configuration list for PBXNativeTarget "tinderTests" */ = {
			isa = XCConfigurationList;
			buildConfigurations = (
				C1806F1D1E94831100318719 /* Debug */,
				C1806F1E1E94831100318719 /* Release */,
			);
			defaultConfigurationIsVisible = 0;
		};
		C1806F1F1E94831100318719 /* Build configuration list for PBXNativeTarget "tinderUITests" */ = {
			isa = XCConfigurationList;
			buildConfigurations = (
				C1806F201E94831100318719 /* Debug */,
				C1806F211E94831100318719 /* Release */,
			);
			defaultConfigurationIsVisible = 0;
		};
/* End XCConfigurationList section */
	};
	rootObject = C1806EE91E94831000318719 /* Project object */;
}
